
Microsoft Visual Studio Solution File, Format Version 12.00
# Visual Studio Version 17
VisualStudioVersion = 17.5.33627.172
MinimumVisualStudioVersion = 10.0.40219.1
Project("{FAE04EC0-301F-11D3-BF4B-00C04F79EFBC}") = "CircuitBreaker", "CircuitBreaker.csproj", "{2E50C5EF-2FBF-4A85-BD6B-B816FE831493}"
EndProject
Global
	GlobalSection(SolutionConfigurationPlatforms) = preSolution
		Debug|Any CPU = Debug|Any CPU
		Release|Any CPU = Release|Any CPU
	EndGlobalSection
	GlobalSection(ProjectConfigurationPlatforms) = postSolution
		{2E50C5EF-2FBF-4A85-BD6B-B816FE831493}.Debug|Any CPU.ActiveCfg = Debug|Any CPU
		{2E50C5EF-2FBF-4A85-BD6B-B816FE831493}.Debug|Any CPU.Build.0 = Debug|Any CPU
		{2E50C5EF-2FBF-4A85-BD6B-B816FE831493}.Release|Any CPU.ActiveCfg = Release|Any CPU
		{2E50C5EF-2FBF-4A85-BD6B-B816FE831493}.Release|Any CPU.Build.0 = Release|Any CPU
	EndGlobalSection
	GlobalSection(SolutionProperties) = preSolution
		HideSolutionNode = FALSE
	EndGlobalSection
	GlobalSection(ExtensibilityGlobals) = postSolution
		SolutionGuid = {24792A73-529E-4AA7-AD81-95913F30239B}
	EndGlobalSection
EndGlobal
